
Microsoft Visual Studio Solution File, Format Version 12.00
# Visual Studio Version 16
VisualStudioVersion = 16.0.32413.511
MinimumVisualStudioVersion = 10.0.40219.1
Project("{FAE04EC0-301F-11D3-BF4B-00C04F79EFBC}") = "ConsoleAppEjercicio1", "ConsoleAppEjercicio1.csproj", "{DD9A3C87-1E53-4485-BAD2-0EB3131FD8C7}"
EndProject
Global
	GlobalSection(SolutionConfigurationPlatforms) = preSolution
		Debug|Any CPU = Debug|Any CPU
		Release|Any CPU = Release|Any CPU
	EndGlobalSection
	GlobalSection(ProjectConfigurationPlatforms) = postSolution
		{DD9A3C87-1E53-4485-BAD2-0EB3131FD8C7}.Debug|Any CPU.ActiveCfg = Debug|Any CPU
		{DD9A3C87-1E53-4485-BAD2-0EB3131FD8C7}.Debug|Any CPU.Build.0 = Debug|Any CPU
		{DD9A3C87-1E53-4485-BAD2-0EB3131FD8C7}.Release|Any CPU.ActiveCfg = Release|Any CPU
		{DD9A3C87-1E53-4485-BAD2-0EB3131FD8C7}.Release|Any CPU.Build.0 = Release|Any CPU
	EndGlobalSection
	GlobalSection(SolutionProperties) = preSolution
		HideSolutionNode = FALSE
	EndGlobalSection
	GlobalSection(ExtensibilityGlobals) = postSolution
		SolutionGuid = {8C25A052-78DE-4FC2-8827-2F2F51D0E8A5}
	EndGlobalSection
EndGlobal
